
Microsoft Visual Studio Solution File, Format Version 12.00
# Visual Studio Version 16
VisualStudioVersion = 16.0.29424.173
MinimumVisualStudioVersion = 10.0.40219.1
Project("{FAE04EC0-301F-11D3-BF4B-00C04F79EFBC}") = "修改桌面", "修改桌面.csproj", "{88E6033B-5A1F-49E4-9D9E-DAB83BB6A5B3}"
EndProject
Global
	GlobalSection(SolutionConfigurationPlatforms) = preSolution
		Debug|Any CPU = Debug|Any CPU
		Release|Any CPU = Release|Any CPU
	EndGlobalSection
	GlobalSection(ProjectConfigurationPlatforms) = postSolution
		{88E6033B-5A1F-49E4-9D9E-DAB83BB6A5B3}.Debug|Any CPU.ActiveCfg = Release|Any CPU
		{88E6033B-5A1F-49E4-9D9E-DAB83BB6A5B3}.Debug|Any CPU.Build.0 = Release|Any CPU
		{88E6033B-5A1F-49E4-9D9E-DAB83BB6A5B3}.Release|Any CPU.ActiveCfg = Release|Any CPU
		{88E6033B-5A1F-49E4-9D9E-DAB83BB6A5B3}.Release|Any CPU.Build.0 = Release|Any CPU
	EndGlobalSection
	GlobalSection(SolutionProperties) = preSolution
		HideSolutionNode = FALSE
	EndGlobalSection
	GlobalSection(ExtensibilityGlobals) = postSolution
		SolutionGuid = {4D13F7CC-286E-470B-A788-FAE08EA12F52}
	EndGlobalSection
EndGlobal
